// !$*UTF8*$!
{
	archiveVersion = 1;
	classes = {
	};
	objectVersion = 55;
	objects = {

/* Begin PBXBuildFile section */
		B32BF251280DADDF00AE38BA /* PokemonLevelView.swift in Sources */ = {isa = PBXBuildFile; fileRef = B32BF250280DADDF00AE38BA /* PokemonLevelView.swift */; };
		B3781AED2810329F00B4ADA1 /* LevelNavigationButtonView.swift in Sources */ = {isa = PBXBuildFile; fileRef = B3781AEC2810329F00B4ADA1 /* LevelNavigationButtonView.swift */; };
		B388AE7127D8E27C00E523FE /* HardGameView.swift in Sources */ = {isa = PBXBuildFile; fileRef = B388AE7027D8E27C00E523FE /* HardGameView.swift */; };
		B388AE7327D8E29100E523FE /* HardQuestionView.swift in Sources */ = {isa = PBXBuildFile; fileRef = B388AE7227D8E29100E523FE /* HardQuestionView.swift */; };
		B388AE7527D8E31300E523FE /* HardViewModel.swift in Sources */ = {isa = PBXBuildFile; fileRef = B388AE7427D8E31300E523FE /* HardViewModel.swift */; };
		B388AE7727D8E43300E523FE /* HardGame.swift in Sources */ = {isa = PBXBuildFile; fileRef = B388AE7627D8E43300E523FE /* HardGame.swift */; };
		B388AE7927D9913300E523FE /* TypeCalcMockDataModel.swift in Sources */ = {isa = PBXBuildFile; fileRef = B388AE7827D9913300E523FE /* TypeCalcMockDataModel.swift */; };
		B388AEAF27E0340600E523FE /* HardTypesView.swift in Sources */ = {isa = PBXBuildFile; fileRef = B388AEAE27E0340600E523FE /* HardTypesView.swift */; };
		B388AEB227E15AEC00E523FE /* TypesUtility.swift in Sources */ = {isa = PBXBuildFile; fileRef = B388AEB127E15AEC00E523FE /* TypesUtility.swift */; };
		B396925627ACD21900DAC5AE /* WelcomeScreen.swift in Sources */ = {isa = PBXBuildFile; fileRef = B396925527ACD21900DAC5AE /* WelcomeScreen.swift */; };
		B396925A27AE199D00DAC5AE /* PokemonData.swift in Sources */ = {isa = PBXBuildFile; fileRef = B396925927AE199D00DAC5AE /* PokemonData.swift */; };
		B396925C27AE1AF000DAC5AE /* PokemonImageView.swift in Sources */ = {isa = PBXBuildFile; fileRef = B396925B27AE1AF000DAC5AE /* PokemonImageView.swift */; };
		B396925E27AE1CD800DAC5AE /* BackgroundView.swift in Sources */ = {isa = PBXBuildFile; fileRef = B396925D27AE1CD800DAC5AE /* BackgroundView.swift */; };
		B396926027AF071000DAC5AE /* EasyGame.swift in Sources */ = {isa = PBXBuildFile; fileRef = B396925F27AF071000DAC5AE /* EasyGame.swift */; };
		B396926227AF383B00DAC5AE /* ButtonView.swift in Sources */ = {isa = PBXBuildFile; fileRef = B396926127AF383B00DAC5AE /* ButtonView.swift */; };
		B396926427AF458300DAC5AE /* EasyGameViewModel.swift in Sources */ = {isa = PBXBuildFile; fileRef = B396926327AF458300DAC5AE /* EasyGameViewModel.swift */; };
		B396926B27B1FBDC00DAC5AE /* BottomTextView.swift in Sources */ = {isa = PBXBuildFile; fileRef = B396926A27B1FBDC00DAC5AE /* BottomTextView.swift */; };
		B3B08EF127E6CE7C00D2B4EB /* VeryHardQuestionView.swift in Sources */ = {isa = PBXBuildFile; fileRef = B3B08EF027E6CE7C00D2B4EB /* VeryHardQuestionView.swift */; };
		B3B08EF327E6CE9D00D2B4EB /* VeryHardGameView.swift in Sources */ = {isa = PBXBuildFile; fileRef = B3B08EF227E6CE9D00D2B4EB /* VeryHardGameView.swift */; };
		B3B08EF527E6D04800D2B4EB /* VeryHardGame.swift in Sources */ = {isa = PBXBuildFile; fileRef = B3B08EF427E6D04800D2B4EB /* VeryHardGame.swift */; };
		B3B08EF727E6D09C00D2B4EB /* VeryHardViewModel.swift in Sources */ = {isa = PBXBuildFile; fileRef = B3B08EF627E6D09C00D2B4EB /* VeryHardViewModel.swift */; };
		B3B08EF927E6D2DD00D2B4EB /* VeryHardTypesView.swift in Sources */ = {isa = PBXBuildFile; fileRef = B3B08EF827E6D2DD00D2B4EB /* VeryHardTypesView.swift */; };
		B3B08EFB27EB474500D2B4EB /* Test1.swift in Sources */ = {isa = PBXBuildFile; fileRef = B3B08EFA27EB474500D2B4EB /* Test1.swift */; };
		B3B08EFD27EB493300D2B4EB /* SettingsView.swift in Sources */ = {isa = PBXBuildFile; fileRef = B3B08EFC27EB493300D2B4EB /* SettingsView.swift */; };
		B3B08EFF27EC146500D2B4EB /* SettingsViewModel.swift in Sources */ = {isa = PBXBuildFile; fileRef = B3B08EFE27EC146500D2B4EB /* SettingsViewModel.swift */; };
		B3B7917227EFC41D00D237B4 /* ContentView.swift in Sources */ = {isa = PBXBuildFile; fileRef = B3B7917127EFC41D00D237B4 /* ContentView.swift */; };
		B3D5C2FA27B73C6A002C2AE4 /* Test.swift in Sources */ = {isa = PBXBuildFile; fileRef = B3D5C2F927B73C6A002C2AE4 /* Test.swift */; };
		B3D5C30227B8AF68002C2AE4 /* EasyGameView.swift in Sources */ = {isa = PBXBuildFile; fileRef = B3D5C30127B8AF68002C2AE4 /* EasyGameView.swift */; };
		B3D5C30427B8AFEF002C2AE4 /* SillouhetteView.swift in Sources */ = {isa = PBXBuildFile; fileRef = B3D5C30327B8AFEF002C2AE4 /* SillouhetteView.swift */; };
		B3D5C30627B8B2CC002C2AE4 /* EasyQuestionView.swift in Sources */ = {isa = PBXBuildFile; fileRef = B3D5C30527B8B2CC002C2AE4 /* EasyQuestionView.swift */; };
		B3D5C30827BC7E50002C2AE4 /* MediumTypesView.swift in Sources */ = {isa = PBXBuildFile; fileRef = B3D5C30727BC7E50002C2AE4 /* MediumTypesView.swift */; };
		B3E232C02818C2850006F37B /* TestNavigationLink.swift in Sources */ = {isa = PBXBuildFile; fileRef = B3E232BF2818C2850006F37B /* TestNavigationLink.swift */; };
		B3E232C22818DE2C0006F37B /* NoRegionButton.swift in Sources */ = {isa = PBXBuildFile; fileRef = B3E232C12818DE2C0006F37B /* NoRegionButton.swift */; };
		B3E7352B279D196D0099127F /* PokeQuizApp.swift in Sources */ = {isa = PBXBuildFile; fileRef = B3E7352A279D196D0099127F /* PokeQuizApp.swift */; };
		B3E7352D279D196D0099127F /* MainMenu.swift in Sources */ = {isa = PBXBuildFile; fileRef = B3E7352C279D196D0099127F /* MainMenu.swift */; };
		B3E7352F279D196F0099127F /* Assets.xcassets in Resources */ = {isa = PBXBuildFile; fileRef = B3E7352E279D196F0099127F /* Assets.xcassets */; };
		B3E73532279D196F0099127F /* Preview Assets.xcassets in Resources */ = {isa = PBXBuildFile; fileRef = B3E73531279D196F0099127F /* Preview Assets.xcassets */; };
		B3E9798D27BDE9530068A833 /* MediumGameViewModel.swift in Sources */ = {isa = PBXBuildFile; fileRef = B3E9798C27BDE9530068A833 /* MediumGameViewModel.swift */; };
		B3E9798F27BDE97F0068A833 /* MediumQuestionView.swift in Sources */ = {isa = PBXBuildFile; fileRef = B3E9798E27BDE97F0068A833 /* MediumQuestionView.swift */; };
		B3E9799127BDED740068A833 /* MediumGame.swift in Sources */ = {isa = PBXBuildFile; fileRef = B3E9799027BDED740068A833 /* MediumGame.swift */; };
		B3E9799527BF4BBA0068A833 /* MediumGameView.swift in Sources */ = {isa = PBXBuildFile; fileRef = B3E9799427BF4BBA0068A833 /* MediumGameView.swift */; };
		B3EAC0C827F9376E003C6001 /* RegionToggleDataTest.swift in Sources */ = {isa = PBXBuildFile; fileRef = B3EAC0C727F9376E003C6001 /* RegionToggleDataTest.swift */; };
		B3EAC0CA27FBCC07003C6001 /* OnboardingView.swift in Sources */ = {isa = PBXBuildFile; fileRef = B3EAC0C927FBCC07003C6001 /* OnboardingView.swift */; };
		B3EAC0CC280230CD003C6001 /* SmallSillouetteView.swift in Sources */ = {isa = PBXBuildFile; fileRef = B3EAC0CB280230CD003C6001 /* SmallSillouetteView.swift */; };
		B3EAC0CF280522A2003C6001 /* VeryEasyGameView.swift in Sources */ = {isa = PBXBuildFile; fileRef = B3EAC0CE280522A2003C6001 /* VeryEasyGameView.swift */; };
		B3EAC0D1280522AD003C6001 /* VeryEasyQuestionView.swift in Sources */ = {isa = PBXBuildFile; fileRef = B3EAC0D0280522AD003C6001 /* VeryEasyQuestionView.swift */; };
		B3EAC0D5280B42F1003C6001 /* Onboarding_1.swift in Sources */ = {isa = PBXBuildFile; fileRef = B3EAC0D4280B42F1003C6001 /* Onboarding_1.swift */; };
		B3EAC0D7280B752C003C6001 /* Onboarding_2.swift in Sources */ = {isa = PBXBuildFile; fileRef = B3EAC0D6280B752C003C6001 /* Onboarding_2.swift */; };
		B3EAC0D9280B7AFF003C6001 /* Onboarding_3.swift in Sources */ = {isa = PBXBuildFile; fileRef = B3EAC0D8280B7AFF003C6001 /* Onboarding_3.swift */; };
		B3EAC0DB280BA9CA003C6001 /* Onboarding_4.swift in Sources */ = {isa = PBXBuildFile; fileRef = B3EAC0DA280BA9CA003C6001 /* Onboarding_4.swift */; };
		B3EAC0DD280BAE26003C6001 /* Onboarding_5.swift in Sources */ = {isa = PBXBuildFile; fileRef = B3EAC0DC280BAE25003C6001 /* Onboarding_5.swift */; };
		B3FA3ABA27B4A18200E0A833 /* ScoreView.swift in Sources */ = {isa = PBXBuildFile; fileRef = B3FA3AB927B4A18200E0A833 /* ScoreView.swift */; };
		B3FA3ABC27B4A1A000E0A833 /* EasyScoreViewModel.swift in Sources */ = {isa = PBXBuildFile; fileRef = B3FA3ABB27B4A1A000E0A833 /* EasyScoreViewModel.swift */; };
/* End PBXBuildFile section */

/* Begin PBXFileReference section */
		B32BF250280DADDF00AE38BA /* PokemonLevelView.swift */ = {isa = PBXFileReference; lastKnownFileType = sourcecode.swift; path = PokemonLevelView.swift; sourceTree = "<group>"; };
		B3781AEC2810329F00B4ADA1 /* LevelNavigationButtonView.swift */ = {isa = PBXFileReference; lastKnownFileType = sourcecode.swift; path = LevelNavigationButtonView.swift; sourceTree = "<group>"; };
		B388AE7027D8E27C00E523FE /* HardGameView.swift */ = {isa = PBXFileReference; lastKnownFileType = sourcecode.swift; path = HardGameView.swift; sourceTree = "<group>"; };
		B388AE7227D8E29100E523FE /* HardQuestionView.swift */ = {isa = PBXFileReference; lastKnownFileType = sourcecode.swift; path = HardQuestionView.swift; sourceTree = "<group>"; };
		B388AE7427D8E31300E523FE /* HardViewModel.swift */ = {isa = PBXFileReference; lastKnownFileType = sourcecode.swift; path = HardViewModel.swift; sourceTree = "<group>"; };
		B388AE7627D8E43300E523FE /* HardGame.swift */ = {isa = PBXFileReference; lastKnownFileType = sourcecode.swift; path = HardGame.swift; sourceTree = "<group>"; };
		B388AE7827D9913300E523FE /* TypeCalcMockDataModel.swift */ = {isa = PBXFileReference; lastKnownFileType = sourcecode.swift; path = TypeCalcMockDataModel.swift; sourceTree = "<group>"; };
		B388AEAE27E0340600E523FE /* HardTypesView.swift */ = {isa = PBXFileReference; lastKnownFileType = sourcecode.swift; path = HardTypesView.swift; sourceTree = "<group>"; };
		B388AEB127E15AEC00E523FE /* TypesUtility.swift */ = {isa = PBXFileReference; lastKnownFileType = sourcecode.swift; path = TypesUtility.swift; sourceTree = "<group>"; };
		B396925527ACD21900DAC5AE /* WelcomeScreen.swift */ = {isa = PBXFileReference; lastKnownFileType = sourcecode.swift; path = WelcomeScreen.swift; sourceTree = "<group>"; };
		B396925927AE199D00DAC5AE /* PokemonData.swift */ = {isa = PBXFileReference; lastKnownFileType = sourcecode.swift; path = PokemonData.swift; sourceTree = "<group>"; };
		B396925B27AE1AF000DAC5AE /* PokemonImageView.swift */ = {isa = PBXFileReference; lastKnownFileType = sourcecode.swift; path = PokemonImageView.swift; sourceTree = "<group>"; };
		B396925D27AE1CD800DAC5AE /* BackgroundView.swift */ = {isa = PBXFileReference; lastKnownFileType = sourcecode.swift; path = BackgroundView.swift; sourceTree = "<group>"; };
		B396925F27AF071000DAC5AE /* EasyGame.swift */ = {isa = PBXFileReference; lastKnownFileType = sourcecode.swift; path = EasyGame.swift; sourceTree = "<group>"; };
		B396926127AF383B00DAC5AE /* ButtonView.swift */ = {isa = PBXFileReference; lastKnownFileType = sourcecode.swift; path = ButtonView.swift; sourceTree = "<group>"; };
		B396926327AF458300DAC5AE /* EasyGameViewModel.swift */ = {isa = PBXFileReference; lastKnownFileType = sourcecode.swift; path = EasyGameViewModel.swift; sourceTree = "<group>"; };
		B396926A27B1FBDC00DAC5AE /* BottomTextView.swift */ = {isa = PBXFileReference; lastKnownFileType = sourcecode.swift; path = BottomTextView.swift; sourceTree = "<group>"; };
		B3B08EF027E6CE7C00D2B4EB /* VeryHardQuestionView.swift */ = {isa = PBXFileReference; lastKnownFileType = sourcecode.swift; path = VeryHardQuestionView.swift; sourceTree = "<group>"; };
		B3B08EF227E6CE9D00D2B4EB /* VeryHardGameView.swift */ = {isa = PBXFileReference; lastKnownFileType = sourcecode.swift; path = VeryHardGameView.swift; sourceTree = "<group>"; };
		B3B08EF427E6D04800D2B4EB /* VeryHardGame.swift */ = {isa = PBXFileReference; lastKnownFileType = sourcecode.swift; path = VeryHardGame.swift; sourceTree = "<group>"; };
		B3B08EF627E6D09C00D2B4EB /* VeryHardViewModel.swift */ = {isa = PBXFileReference; lastKnownFileType = sourcecode.swift; path = VeryHardViewModel.swift; sourceTree = "<group>"; };
		B3B08EF827E6D2DD00D2B4EB /* VeryHardTypesView.swift */ = {isa = PBXFileReference; lastKnownFileType = sourcecode.swift; path = VeryHardTypesView.swift; sourceTree = "<group>"; };
		B3B08EFA27EB474500D2B4EB /* Test1.swift */ = {isa = PBXFileReference; lastKnownFileType = sourcecode.swift; path = Test1.swift; sourceTree = "<group>"; };
		B3B08EFC27EB493300D2B4EB /* SettingsView.swift */ = {isa = PBXFileReference; lastKnownFileType = sourcecode.swift; path = SettingsView.swift; sourceTree = "<group>"; };
		B3B08EFE27EC146500D2B4EB /* SettingsViewModel.swift */ = {isa = PBXFileReference; lastKnownFileType = sourcecode.swift; path = SettingsViewModel.swift; sourceTree = "<group>"; };
		B3B7917127EFC41D00D237B4 /* ContentView.swift */ = {isa = PBXFileReference; lastKnownFileType = sourcecode.swift; path = ContentView.swift; sourceTree = "<group>"; };
		B3D5C2F927B73C6A002C2AE4 /* Test.swift */ = {isa = PBXFileReference; lastKnownFileType = sourcecode.swift; path = Test.swift; sourceTree = "<group>"; };
		B3D5C30127B8AF68002C2AE4 /* EasyGameView.swift */ = {isa = PBXFileReference; lastKnownFileType = sourcecode.swift; path = EasyGameView.swift; sourceTree = "<group>"; };
		B3D5C30327B8AFEF002C2AE4 /* SillouhetteView.swift */ = {isa = PBXFileReference; lastKnownFileType = sourcecode.swift; path = SillouhetteView.swift; sourceTree = "<group>"; };
		B3D5C30527B8B2CC002C2AE4 /* EasyQuestionView.swift */ = {isa = PBXFileReference; lastKnownFileType = sourcecode.swift; path = EasyQuestionView.swift; sourceTree = "<group>"; };
		B3D5C30727BC7E50002C2AE4 /* MediumTypesView.swift */ = {isa = PBXFileReference; lastKnownFileType = sourcecode.swift; path = MediumTypesView.swift; sourceTree = "<group>"; };
		B3E232BF2818C2850006F37B /* TestNavigationLink.swift */ = {isa = PBXFileReference; lastKnownFileType = sourcecode.swift; path = TestNavigationLink.swift; sourceTree = "<group>"; };
		B3E232C12818DE2C0006F37B /* NoRegionButton.swift */ = {isa = PBXFileReference; lastKnownFileType = sourcecode.swift; path = NoRegionButton.swift; sourceTree = "<group>"; };
		B3E73527279D196D0099127F /* PokeQuiz.app */ = {isa = PBXFileReference; explicitFileType = wrapper.application; includeInIndex = 0; path = PokeQuiz.app; sourceTree = BUILT_PRODUCTS_DIR; };
		B3E7352A279D196D0099127F /* PokeQuizApp.swift */ = {isa = PBXFileReference; lastKnownFileType = sourcecode.swift; path = PokeQuizApp.swift; sourceTree = "<group>"; };
		B3E7352C279D196D0099127F /* MainMenu.swift */ = {isa = PBXFileReference; lastKnownFileType = sourcecode.swift; path = MainMenu.swift; sourceTree = "<group>"; };
		B3E7352E279D196F0099127F /* Assets.xcassets */ = {isa = PBXFileReference; lastKnownFileType = folder.assetcatalog; path = Assets.xcassets; sourceTree = "<group>"; };
		B3E73531279D196F0099127F /* Preview Assets.xcassets */ = {isa = PBXFileReference; lastKnownFileType = folder.assetcatalog; path = "Preview Assets.xcassets"; sourceTree = "<group>"; };
		B3E9798C27BDE9530068A833 /* MediumGameViewModel.swift */ = {isa = PBXFileReference; lastKnownFileType = sourcecode.swift; path = MediumGameViewModel.swift; sourceTree = "<group>"; };
		B3E9798E27BDE97F0068A833 /* MediumQuestionView.swift */ = {isa = PBXFileReference; lastKnownFileType = sourcecode.swift; path = MediumQuestionView.swift; sourceTree = "<group>"; };
		B3E9799027BDED740068A833 /* MediumGame.swift */ = {isa = PBXFileReference; lastKnownFileType = sourcecode.swift; path = MediumGame.swift; sourceTree = "<group>"; };
		B3E9799427BF4BBA0068A833 /* MediumGameView.swift */ = {isa = PBXFileReference; lastKnownFileType = sourcecode.swift; path = MediumGameView.swift; sourceTree = "<group>"; };
		B3EAC0C727F9376E003C6001 /* RegionToggleDataTest.swift */ = {isa = PBXFileReference; lastKnownFileType = sourcecode.swift; path = RegionToggleDataTest.swift; sourceTree = "<group>"; };
		B3EAC0C927FBCC07003C6001 /* OnboardingView.swift */ = {isa = PBXFileReference; lastKnownFileType = sourcecode.swift; path = OnboardingView.swift; sourceTree = "<group>"; };
		B3EAC0CB280230CD003C6001 /* SmallSillouetteView.swift */ = {isa = PBXFileReference; lastKnownFileType = sourcecode.swift; path = SmallSillouetteView.swift; sourceTree = "<group>"; };
		B3EAC0CE280522A2003C6001 /* VeryEasyGameView.swift */ = {isa = PBXFileReference; fileEncoding = 4; lastKnownFileType = sourcecode.swift; name = VeryEasyGameView.swift; path = "Level 1/VeryEasyGameView.swift"; sourceTree = "<group>"; };
		B3EAC0D0280522AD003C6001 /* VeryEasyQuestionView.swift */ = {isa = PBXFileReference; fileEncoding = 4; lastKnownFileType = sourcecode.swift; name = VeryEasyQuestionView.swift; path = "Level 1/VeryEasyQuestionView.swift"; sourceTree = "<group>"; };
		B3EAC0D4280B42F1003C6001 /* Onboarding_1.swift */ = {isa = PBXFileReference; lastKnownFileType = sourcecode.swift; path = Onboarding_1.swift; sourceTree = "<group>"; };
		B3EAC0D6280B752C003C6001 /* Onboarding_2.swift */ = {isa = PBXFileReference; lastKnownFileType = sourcecode.swift; path = Onboarding_2.swift; sourceTree = "<group>"; };
		B3EAC0D8280B7AFF003C6001 /* Onboarding_3.swift */ = {isa = PBXFileReference; lastKnownFileType = sourcecode.swift; path = Onboarding_3.swift; sourceTree = "<group>"; };
		B3EAC0DA280BA9CA003C6001 /* Onboarding_4.swift */ = {isa = PBXFileReference; lastKnownFileType = sourcecode.swift; path = Onboarding_4.swift; sourceTree = "<group>"; };
		B3EAC0DC280BAE25003C6001 /* Onboarding_5.swift */ = {isa = PBXFileReference; lastKnownFileType = sourcecode.swift; path = Onboarding_5.swift; sourceTree = "<group>"; };
		B3FA3AB927B4A18200E0A833 /* ScoreView.swift */ = {isa = PBXFileReference; lastKnownFileType = sourcecode.swift; path = ScoreView.swift; sourceTree = "<group>"; };
		B3FA3ABB27B4A1A000E0A833 /* EasyScoreViewModel.swift */ = {isa = PBXFileReference; lastKnownFileType = sourcecode.swift; path = EasyScoreViewModel.swift; sourceTree = "<group>"; };
/* End PBXFileReference section */

/* Begin PBXFrameworksBuildPhase section */
		B3E73524279D196D0099127F /* Frameworks */ = {
			isa = PBXFrameworksBuildPhase;
			buildActionMask = 2147483647;
			files = (
			);
			runOnlyForDeploymentPostprocessing = 0;
		};
/* End PBXFrameworksBuildPhase section */

/* Begin PBXGroup section */
		B338C24D27CD39B900C3BBF6 /* Sub Views */ = {
			isa = PBXGroup;
			children = (
				B3D5C30727BC7E50002C2AE4 /* MediumTypesView.swift */,
				B388AEAE27E0340600E523FE /* HardTypesView.swift */,
				B3B08EF827E6D2DD00D2B4EB /* VeryHardTypesView.swift */,
				B3D5C30327B8AFEF002C2AE4 /* SillouhetteView.swift */,
				B3EAC0CB280230CD003C6001 /* SmallSillouetteView.swift */,
				B396925B27AE1AF000DAC5AE /* PokemonImageView.swift */,
				B32BF250280DADDF00AE38BA /* PokemonLevelView.swift */,
				B396925D27AE1CD800DAC5AE /* BackgroundView.swift */,
				B3781AEC2810329F00B4ADA1 /* LevelNavigationButtonView.swift */,
				B396926127AF383B00DAC5AE /* ButtonView.swift */,
				B396926A27B1FBDC00DAC5AE /* BottomTextView.swift */,
				B3D5C2F927B73C6A002C2AE4 /* Test.swift */,
				B3E232C12818DE2C0006F37B /* NoRegionButton.swift */,
			);
			path = "Sub Views";
			sourceTree = "<group>";
		};
		B338C24E27CD39E100C3BBF6 /* Level 1 */ = {
			isa = PBXGroup;
			children = (
				B3EAC0CE280522A2003C6001 /* VeryEasyGameView.swift */,
				B3EAC0D0280522AD003C6001 /* VeryEasyQuestionView.swift */,
			);
			path = "Level 1";
			sourceTree = "<group>";
		};
		B338C24F27CD39EA00C3BBF6 /* Level 2 */ = {
			isa = PBXGroup;
			children = (
				B3D5C30127B8AF68002C2AE4 /* EasyGameView.swift */,
				B3D5C30527B8B2CC002C2AE4 /* EasyQuestionView.swift */,
			);
			path = "Level 2";
			sourceTree = "<group>";
		};
		B338C25027CD3A1300C3BBF6 /* Level 3 */ = {
			isa = PBXGroup;
			children = (
				B3E9799427BF4BBA0068A833 /* MediumGameView.swift */,
				B3E9798E27BDE97F0068A833 /* MediumQuestionView.swift */,
			);
			path = "Level 3";
			sourceTree = "<group>";
		};
		B388AE6F27D8E24900E523FE /* Level 4 */ = {
			isa = PBXGroup;
			children = (
				B388AE7027D8E27C00E523FE /* HardGameView.swift */,
				B388AE7227D8E29100E523FE /* HardQuestionView.swift */,
				B388AE7827D9913300E523FE /* TypeCalcMockDataModel.swift */,
			);
			path = "Level 4";
			sourceTree = "<group>";
		};
		B388AEB027E15AB700E523FE /* Utilities */ = {
			isa = PBXGroup;
			children = (
				B388AEB127E15AEC00E523FE /* TypesUtility.swift */,
			);
			path = Utilities;
			sourceTree = "<group>";
		};
		B396925227ACD19900DAC5AE /* Views */ = {
			isa = PBXGroup;
			children = (
				B3EAC0C727F9376E003C6001 /* RegionToggleDataTest.swift */,
				B3EAC0C927FBCC07003C6001 /* OnboardingView.swift */,
				B396925527ACD21900DAC5AE /* WelcomeScreen.swift */,
				B3EAC0D4280B42F1003C6001 /* Onboarding_1.swift */,
				B3EAC0D6280B752C003C6001 /* Onboarding_2.swift */,
				B3EAC0D8280B7AFF003C6001 /* Onboarding_3.swift */,
				B3EAC0DA280BA9CA003C6001 /* Onboarding_4.swift */,
				B3EAC0DC280BAE25003C6001 /* Onboarding_5.swift */,
				B3B08EFC27EB493300D2B4EB /* SettingsView.swift */,
				B3E7352C279D196D0099127F /* MainMenu.swift */,
				B3B7917127EFC41D00D237B4 /* ContentView.swift */,
				B3E232BF2818C2850006F37B /* TestNavigationLink.swift */,
				B3FA3AB927B4A18200E0A833 /* ScoreView.swift */,
				B388AEB027E15AB700E523FE /* Utilities */,
				B338C24E27CD39E100C3BBF6 /* Level 1 */,
				B338C24F27CD39EA00C3BBF6 /* Level 2 */,
				B338C25027CD3A1300C3BBF6 /* Level 3 */,
				B388AE6F27D8E24900E523FE /* Level 4 */,
				B3B08EEF27E6CE3200D2B4EB /* Level 5 */,
				B338C24D27CD39B900C3BBF6 /* Sub Views */,
			);
			path = Views;
			sourceTree = "<group>";
		};
		B396925327ACD1A000DAC5AE /* Models */ = {
			isa = PBXGroup;
			children = (
				B396925F27AF071000DAC5AE /* EasyGame.swift */,
				B3E9799027BDED740068A833 /* MediumGame.swift */,
				B388AE7627D8E43300E523FE /* HardGame.swift */,
				B3B08EF427E6D04800D2B4EB /* VeryHardGame.swift */,
				B396925927AE199D00DAC5AE /* PokemonData.swift */,
			);
			path = Models;
			sourceTree = "<group>";
		};
		B396925427ACD1A800DAC5AE /* ViewModels */ = {
			isa = PBXGroup;
			children = (
				B396926327AF458300DAC5AE /* EasyGameViewModel.swift */,
				B3E9798C27BDE9530068A833 /* MediumGameViewModel.swift */,
				B388AE7427D8E31300E523FE /* HardViewModel.swift */,
				B3B08EF627E6D09C00D2B4EB /* VeryHardViewModel.swift */,
				B3FA3ABB27B4A1A000E0A833 /* EasyScoreViewModel.swift */,
				B3B08EFE27EC146500D2B4EB /* SettingsViewModel.swift */,
			);
			path = ViewModels;
			sourceTree = "<group>";
		};
		B3B08EEF27E6CE3200D2B4EB /* Level 5 */ = {
			isa = PBXGroup;
			children = (
				B3B08EF227E6CE9D00D2B4EB /* VeryHardGameView.swift */,
				B3B08EF027E6CE7C00D2B4EB /* VeryHardQuestionView.swift */,
			);
			path = "Level 5";
			sourceTree = "<group>";
		};
		B3E7351E279D196D0099127F = {
			isa = PBXGroup;
			children = (
				B3B08EFA27EB474500D2B4EB /* Test1.swift */,
				B3E73529279D196D0099127F /* PokeQuiz */,
				B3E73528279D196D0099127F /* Products */,
			);
			sourceTree = "<group>";
		};
		B3E73528279D196D0099127F /* Products */ = {
			isa = PBXGroup;
			children = (
				B3E73527279D196D0099127F /* PokeQuiz.app */,
			);
			name = Products;
			sourceTree = "<group>";
		};
		B3E73529279D196D0099127F /* PokeQuiz */ = {
			isa = PBXGroup;
			children = (
				B3E7352A279D196D0099127F /* PokeQuizApp.swift */,
				B396925427ACD1A800DAC5AE /* ViewModels */,
				B396925327ACD1A000DAC5AE /* Models */,
				B396925227ACD19900DAC5AE /* Views */,
				B3E7352E279D196F0099127F /* Assets.xcassets */,
				B3E73530279D196F0099127F /* Preview Content */,
			);
			path = PokeQuiz;
			sourceTree = "<group>";
		};
		B3E73530279D196F0099127F /* Preview Content */ = {
			isa = PBXGroup;
			children = (
				B3E73531279D196F0099127F /* Preview Assets.xcassets */,
			);
			path = "Preview Content";
			sourceTree = "<group>";
		};
/* End PBXGroup section */

/* Begin PBXNativeTarget section */
		B3E73526279D196D0099127F /* PokeQuiz */ = {
			isa = PBXNativeTarget;
			buildConfigurationList = B3E73535279D196F0099127F /* Build configuration list for PBXNativeTarget "PokeQuiz" */;
			buildPhases = (
				B3E73523279D196D0099127F /* Sources */,
				B3E73524279D196D0099127F /* Frameworks */,
				B3E73525279D196D0099127F /* Resources */,
			);
			buildRules = (
			);
			dependencies = (
			);
			name = PokeQuiz;
			productName = PokeQuiz;
			productReference = B3E73527279D196D0099127F /* PokeQuiz.app */;
			productType = "com.apple.product-type.application";
		};
/* End PBXNativeTarget section */

/* Begin PBXProject section */
		B3E7351F279D196D0099127F /* Project object */ = {
			isa = PBXProject;
			attributes = {
				BuildIndependentTargetsInParallel = 1;
				LastSwiftUpdateCheck = 1320;
				LastUpgradeCheck = 1320;
				TargetAttributes = {
					B3E73526279D196D0099127F = {
						CreatedOnToolsVersion = 13.2.1;
					};
				};
			};
			buildConfigurationList = B3E73522279D196D0099127F /* Build configuration list for PBXProject "PokeQuiz" */;
			compatibilityVersion = "Xcode 13.0";
			developmentRegion = en;
			hasScannedForEncodings = 0;
			knownRegions = (
				en,
				Base,
			);
			mainGroup = B3E7351E279D196D0099127F;
			productRefGroup = B3E73528279D196D0099127F /* Products */;
			projectDirPath = "";
			projectRoot = "";
			targets = (
				B3E73526279D196D0099127F /* PokeQuiz */,
			);
		};
/* End PBXProject section */

/* Begin PBXResourcesBuildPhase section */
		B3E73525279D196D0099127F /* Resources */ = {
			isa = PBXResourcesBuildPhase;
			buildActionMask = 2147483647;
			files = (
				B3E73532279D196F0099127F /* Preview Assets.xcassets in Resources */,
				B3E7352F279D196F0099127F /* Assets.xcassets in Resources */,
			);
			runOnlyForDeploymentPostprocessing = 0;
		};
/* End PBXResourcesBuildPhase section */

/* Begin PBXSourcesBuildPhase section */
		B3E73523279D196D0099127F /* Sources */ = {
			isa = PBXSourcesBuildPhase;
			buildActionMask = 2147483647;
			files = (
				B3B08EF727E6D09C00D2B4EB /* VeryHardViewModel.swift in Sources */,
				B396926B27B1FBDC00DAC5AE /* BottomTextView.swift in Sources */,
				B3E7352D279D196D0099127F /* MainMenu.swift in Sources */,
				B396926227AF383B00DAC5AE /* ButtonView.swift in Sources */,
				B388AEB227E15AEC00E523FE /* TypesUtility.swift in Sources */,
				B3E232C22818DE2C0006F37B /* NoRegionButton.swift in Sources */,
				B396925E27AE1CD800DAC5AE /* BackgroundView.swift in Sources */,
				B3D5C2FA27B73C6A002C2AE4 /* Test.swift in Sources */,
				B3B08EFF27EC146500D2B4EB /* SettingsViewModel.swift in Sources */,
				B388AE7927D9913300E523FE /* TypeCalcMockDataModel.swift in Sources */,
				B3EAC0DB280BA9CA003C6001 /* Onboarding_4.swift in Sources */,
				B3EAC0CF280522A2003C6001 /* VeryEasyGameView.swift in Sources */,
				B396926427AF458300DAC5AE /* EasyGameViewModel.swift in Sources */,
				B3EAC0D5280B42F1003C6001 /* Onboarding_1.swift in Sources */,
				B3E9798F27BDE97F0068A833 /* MediumQuestionView.swift in Sources */,
				B388AEAF27E0340600E523FE /* HardTypesView.swift in Sources */,
				B3B08EF127E6CE7C00D2B4EB /* VeryHardQuestionView.swift in Sources */,
				B388AE7127D8E27C00E523FE /* HardGameView.swift in Sources */,
				B396925627ACD21900DAC5AE /* WelcomeScreen.swift in Sources */,
				B3B08EF527E6D04800D2B4EB /* VeryHardGame.swift in Sources */,
				B3E232C02818C2850006F37B /* TestNavigationLink.swift in Sources */,
				B3D5C30627B8B2CC002C2AE4 /* EasyQuestionView.swift in Sources */,
				B396926027AF071000DAC5AE /* EasyGame.swift in Sources */,
				B3E9799527BF4BBA0068A833 /* MediumGameView.swift in Sources */,
				B388AE7527D8E31300E523FE /* HardViewModel.swift in Sources */,
				B3E7352B279D196D0099127F /* PokeQuizApp.swift in Sources */,
				B3B7917227EFC41D00D237B4 /* ContentView.swift in Sources */,
				B3B08EF927E6D2DD00D2B4EB /* VeryHardTypesView.swift in Sources */,
				B3FA3ABC27B4A1A000E0A833 /* EasyScoreViewModel.swift in Sources */,
				B3EAC0CA27FBCC07003C6001 /* OnboardingView.swift in Sources */,
				B3B08EFB27EB474500D2B4EB /* Test1.swift in Sources */,
				B32BF251280DADDF00AE38BA /* PokemonLevelView.swift in Sources */,
				B3EAC0C827F9376E003C6001 /* RegionToggleDataTest.swift in Sources */,
				B3EAC0D7280B752C003C6001 /* Onboarding_2.swift in Sources */,
				B3D5C30827BC7E50002C2AE4 /* MediumTypesView.swift in Sources */,
				B388AE7327D8E29100E523FE /* HardQuestionView.swift in Sources */,
				B3D5C30427B8AFEF002C2AE4 /* SillouhetteView.swift in Sources */,
				B3E9799127BDED740068A833 /* MediumGame.swift in Sources */,
				B3EAC0DD280BAE26003C6001 /* Onboarding_5.swift in Sources */,
				B3FA3ABA27B4A18200E0A833 /* ScoreView.swift in Sources */,
				B396925C27AE1AF000DAC5AE /* PokemonImageView.swift in Sources */,
				B396925A27AE199D00DAC5AE /* PokemonData.swift in Sources */,
				B3781AED2810329F00B4ADA1 /* LevelNavigationButtonView.swift in Sources */,
				B3D5C30227B8AF68002C2AE4 /* EasyGameView.swift in Sources */,
				B3EAC0D1280522AD003C6001 /* VeryEasyQuestionView.swift in Sources */,
				B3EAC0CC280230CD003C6001 /* SmallSillouetteView.swift in Sources */,
				B3B08EF327E6CE9D00D2B4EB /* VeryHardGameView.swift in Sources */,
				B3EAC0D9280B7AFF003C6001 /* Onboarding_3.swift in Sources */,
				B388AE7727D8E43300E523FE /* HardGame.swift in Sources */,
				B3E9798D27BDE9530068A833 /* MediumGameViewModel.swift in Sources */,
				B3B08EFD27EB493300D2B4EB /* SettingsView.swift in Sources */,
			);
			runOnlyForDeploymentPostprocessing = 0;
		};
/* End PBXSourcesBuildPhase section */

/* Begin XCBuildConfiguration section */
		B3E73533279D196F0099127F /* Debug */ = {
			isa = XCBuildConfiguration;
			buildSettings = {
				ALWAYS_SEARCH_USER_PATHS = NO;
				CLANG_ANALYZER_NONNULL = YES;
				CLANG_ANALYZER_NUMBER_OBJECT_CONVERSION = YES_AGGRESSIVE;
				CLANG_CXX_LANGUAGE_STANDARD = "gnu++17";
				CLANG_CXX_LIBRARY = "libc++";
				CLANG_ENABLE_MODULES = YES;
				CLANG_ENABLE_OBJC_ARC = YES;
				CLANG_ENABLE_OBJC_WEAK = YES;
				CLANG_WARN_BLOCK_CAPTURE_AUTORELEASING = YES;
				CLANG_WARN_BOOL_CONVERSION = YES;
				CLANG_WARN_COMMA = YES;
				CLANG_WARN_CONSTANT_CONVERSION = YES;
				CLANG_WARN_DEPRECATED_OBJC_IMPLEMENTATIONS = YES;
				CLANG_WARN_DIRECT_OBJC_ISA_USAGE = YES_ERROR;
				CLANG_WARN_DOCUMENTATION_COMMENTS = YES;
				CLANG_WARN_EMPTY_BODY = YES;
				CLANG_WARN_ENUM_CONVERSION = YES;
				CLANG_WARN_INFINITE_RECURSION = YES;
				CLANG_WARN_INT_CONVERSION = YES;
				CLANG_WARN_NON_LITERAL_NULL_CONVERSION = YES;
				CLANG_WARN_OBJC_IMPLICIT_RETAIN_SELF = YES;
				CLANG_WARN_OBJC_LITERAL_CONVERSION = YES;
				CLANG_WARN_OBJC_ROOT_CLASS = YES_ERROR;
				CLANG_WARN_QUOTED_INCLUDE_IN_FRAMEWORK_HEADER = YES;
				CLANG_WARN_RANGE_LOOP_ANALYSIS = YES;
				CLANG_WARN_STRICT_PROTOTYPES = YES;
				CLANG_WARN_SUSPICIOUS_MOVE = YES;
				CLANG_WARN_UNGUARDED_AVAILABILITY = YES_AGGRESSIVE;
				CLANG_WARN_UNREACHABLE_CODE = YES;
				CLANG_WARN__DUPLICATE_METHOD_MATCH = YES;
				COPY_PHASE_STRIP = NO;
				DEBUG_INFORMATION_FORMAT = dwarf;
				ENABLE_STRICT_OBJC_MSGSEND = YES;
				ENABLE_TESTABILITY = YES;
				GCC_C_LANGUAGE_STANDARD = gnu11;
				GCC_DYNAMIC_NO_PIC = NO;
				GCC_NO_COMMON_BLOCKS = YES;
				GCC_OPTIMIZATION_LEVEL = 0;
				GCC_PREPROCESSOR_DEFINITIONS = (
					"DEBUG=1",
					"$(inherited)",
				);
				GCC_WARN_64_TO_32_BIT_CONVERSION = YES;
				GCC_WARN_ABOUT_RETURN_TYPE = YES_ERROR;
				GCC_WARN_UNDECLARED_SELECTOR = YES;
				GCC_WARN_UNINITIALIZED_AUTOS = YES_AGGRESSIVE;
				GCC_WARN_UNUSED_FUNCTION = YES;
				GCC_WARN_UNUSED_VARIABLE = YES;
				IPHONEOS_DEPLOYMENT_TARGET = 15.2;
				MTL_ENABLE_DEBUG_INFO = INCLUDE_SOURCE;
				MTL_FAST_MATH = YES;
				ONLY_ACTIVE_ARCH = YES;
				SDKROOT = iphoneos;
				SWIFT_ACTIVE_COMPILATION_CONDITIONS = DEBUG;
				SWIFT_OPTIMIZATION_LEVEL = "-Onone";
			};
			name = Debug;
		};
		B3E73534279D196F0099127F /* Release */ = {
			isa = XCBuildConfiguration;
			buildSettings = {
				ALWAYS_SEARCH_USER_PATHS = NO;
				CLANG_ANALYZER_NONNULL = YES;
				CLANG_ANALYZER_NUMBER_OBJECT_CONVERSION = YES_AGGRESSIVE;
				CLANG_CXX_LANGUAGE_STANDARD = "gnu++17";
				CLANG_CXX_LIBRARY = "libc++";
				CLANG_ENABLE_MODULES = YES;
				CLANG_ENABLE_OBJC_ARC = YES;
				CLANG_ENABLE_OBJC_WEAK = YES;
				CLANG_WARN_BLOCK_CAPTURE_AUTORELEASING = YES;
				CLANG_WARN_BOOL_CONVERSION = YES;
				CLANG_WARN_COMMA = YES;
				CLANG_WARN_CONSTANT_CONVERSION = YES;
				CLANG_WARN_DEPRECATED_OBJC_IMPLEMENTATIONS = YES;
				CLANG_WARN_DIRECT_OBJC_ISA_USAGE = YES_ERROR;
				CLANG_WARN_DOCUMENTATION_COMMENTS = YES;
				CLANG_WARN_EMPTY_BODY = YES;
				CLANG_WARN_ENUM_CONVERSION = YES;
				CLANG_WARN_INFINITE_RECURSION = YES;
				CLANG_WARN_INT_CONVERSION = YES;
				CLANG_WARN_NON_LITERAL_NULL_CONVERSION = YES;
				CLANG_WARN_OBJC_IMPLICIT_RETAIN_SELF = YES;
				CLANG_WARN_OBJC_LITERAL_CONVERSION = YES;
				CLANG_WARN_OBJC_ROOT_CLASS = YES_ERROR;
				CLANG_WARN_QUOTED_INCLUDE_IN_FRAMEWORK_HEADER = YES;
				CLANG_WARN_RANGE_LOOP_ANALYSIS = YES;
				CLANG_WARN_STRICT_PROTOTYPES = YES;
				CLANG_WARN_SUSPICIOUS_MOVE = YES;
				CLANG_WARN_UNGUARDED_AVAILABILITY = YES_AGGRESSIVE;
				CLANG_WARN_UNREACHABLE_CODE = YES;
				CLANG_WARN__DUPLICATE_METHOD_MATCH = YES;
				COPY_PHASE_STRIP = NO;
				DEBUG_INFORMATION_FORMAT = "dwarf-with-dsym";
				ENABLE_NS_ASSERTIONS = NO;
				ENABLE_STRICT_OBJC_MSGSEND = YES;
				GCC_C_LANGUAGE_STANDARD = gnu11;
				GCC_NO_COMMON_BLOCKS = YES;
				GCC_WARN_64_TO_32_BIT_CONVERSION = YES;
				GCC_WARN_ABOUT_RETURN_TYPE = YES_ERROR;
				GCC_WARN_UNDECLARED_SELECTOR = YES;
				GCC_WARN_UNINITIALIZED_AUTOS = YES_AGGRESSIVE;
				GCC_WARN_UNUSED_FUNCTION = YES;
				GCC_WARN_UNUSED_VARIABLE = YES;
				IPHONEOS_DEPLOYMENT_TARGET = 15.2;
				MTL_ENABLE_DEBUG_INFO = NO;
				MTL_FAST_MATH = YES;
				SDKROOT = iphoneos;
				SWIFT_COMPILATION_MODE = wholemodule;
				SWIFT_OPTIMIZATION_LEVEL = "-O";
				VALIDATE_PRODUCT = YES;
			};
			name = Release;
		};
		B3E73536279D196F0099127F /* Debug */ = {
			isa = XCBuildConfiguration;
			buildSettings = {
				ASSETCATALOG_COMPILER_APPICON_NAME = AppIcon;
				ASSETCATALOG_COMPILER_GLOBAL_ACCENT_COLOR_NAME = AccentColor;
				CODE_SIGN_STYLE = Automatic;
				CURRENT_PROJECT_VERSION = 1;
				DEVELOPMENT_ASSET_PATHS = "\"PokeQuiz/Preview Content\"";
				DEVELOPMENT_TEAM = LA55M967F8;
				ENABLE_PREVIEWS = YES;
				GENERATE_INFOPLIST_FILE = YES;
				INFOPLIST_KEY_UIApplicationSceneManifest_Generation = YES;
				INFOPLIST_KEY_UIApplicationSupportsIndirectInputEvents = YES;
				INFOPLIST_KEY_UILaunchScreen_Generation = YES;
				INFOPLIST_KEY_UISupportedInterfaceOrientations_iPad = "UIInterfaceOrientationPortrait UIInterfaceOrientationPortraitUpsideDown UIInterfaceOrientationLandscapeLeft UIInterfaceOrientationLandscapeRight";
				INFOPLIST_KEY_UISupportedInterfaceOrientations_iPhone = "UIInterfaceOrientationPortrait UIInterfaceOrientationLandscapeLeft UIInterfaceOrientationLandscapeRight";
				LD_RUNPATH_SEARCH_PATHS = (
					"$(inherited)",
					"@executable_path/Frameworks",
				);
				MARKETING_VERSION = 1.0;
				PRODUCT_BUNDLE_IDENTIFIER = tannergarlick.PokeQuiz;
				PRODUCT_NAME = "$(TARGET_NAME)";
				SWIFT_EMIT_LOC_STRINGS = YES;
				SWIFT_VERSION = 5.0;
				TARGETED_DEVICE_FAMILY = "1,2";
			};
			name = Debug;
		};
		B3E73537279D196F0099127F /* Release */ = {
			isa = XCBuildConfiguration;
			buildSettings = {
				ASSETCATALOG_COMPILER_APPICON_NAME = AppIcon;
				ASSETCATALOG_COMPILER_GLOBAL_ACCENT_COLOR_NAME = AccentColor;
				CODE_SIGN_STYLE = Automatic;
				CURRENT_PROJECT_VERSION = 1;
				DEVELOPMENT_ASSET_PATHS = "\"PokeQuiz/Preview Content\"";
				DEVELOPMENT_TEAM = LA55M967F8;
				ENABLE_PREVIEWS = YES;
				GENERATE_INFOPLIST_FILE = YES;
				INFOPLIST_KEY_UIApplicationSceneManifest_Generation = YES;
				INFOPLIST_KEY_UIApplicationSupportsIndirectInputEvents = YES;
				INFOPLIST_KEY_UILaunchScreen_Generation = YES;
				INFOPLIST_KEY_UISupportedInterfaceOrientations_iPad = "UIInterfaceOrientationPortrait UIInterfaceOrientationPortraitUpsideDown UIInterfaceOrientationLandscapeLeft UIInterfaceOrientationLandscapeRight";
				INFOPLIST_KEY_UISupportedInterfaceOrientations_iPhone = "UIInterfaceOrientationPortrait UIInterfaceOrientationLandscapeLeft UIInterfaceOrientationLandscapeRight";
				LD_RUNPATH_SEARCH_PATHS = (
					"$(inherited)",
					"@executable_path/Frameworks",
				);
				MARKETING_VERSION = 1.0;
				PRODUCT_BUNDLE_IDENTIFIER = tannergarlick.PokeQuiz;
				PRODUCT_NAME = "$(TARGET_NAME)";
				SWIFT_EMIT_LOC_STRINGS = YES;
				SWIFT_VERSION = 5.0;
				TARGETED_DEVICE_FAMILY = "1,2";
			};
			name = Release;
		};
/* End XCBuildConfiguration section */

/* Begin XCConfigurationList section */
		B3E73522279D196D0099127F /* Build configuration list for PBXProject "PokeQuiz" */ = {
			isa = XCConfigurationList;
			buildConfigurations = (
				B3E73533279D196F0099127F /* Debug */,
				B3E73534279D196F0099127F /* Release */,
			);
			defaultConfigurationIsVisible = 0;
			defaultConfigurationName = Release;
		};
		B3E73535279D196F0099127F /* Build configuration list for PBXNativeTarget "PokeQuiz" */ = {
			isa = XCConfigurationList;
			buildConfigurations = (
				B3E73536279D196F0099127F /* Debug */,
				B3E73537279D196F0099127F /* Release */,
			);
			defaultConfigurationIsVisible = 0;
			defaultConfigurationName = Release;
		};
/* End XCConfigurationList section */
	};
	rootObject = B3E7351F279D196D0099127F /* Project object */;
}
